
Microsoft Visual Studio Solution File, Format Version 12.00
# Visual Studio Version 16
VisualStudioVersion = 16.0.32413.511
MinimumVisualStudioVersion = 10.0.40219.1
Project("{8BC9CEB8-8B4A-11D0-8D11-00A0C91BC942}") = "Section20", "Section20\Section20.vcxproj", "{0E67896B-9152-4860-B8A8-29D2F5988764}"
EndProject
Project("{8BC9CEB8-8B4A-11D0-8D11-00A0C91BC942}") = "Challenge1", "Section20\Challenge1\Challenge1.vcxproj", "{99B26E5B-6D82-46AA-BE70-A0DBCA6663D1}"
EndProject
Project("{8BC9CEB8-8B4A-11D0-8D11-00A0C91BC942}") = "Challenge2", "Section20\Challenge2\Challenge2.vcxproj", "{C50EDE2C-CAA8-4E98-ADCA-1840F8C9A8F0}"
EndProject
Global
	GlobalSection(SolutionConfigurationPlatforms) = preSolution
		Debug|x64 = Debug|x64
		Debug|x86 = Debug|x86
		Release|x64 = Release|x64
		Release|x86 = Release|x86
	EndGlobalSection
	GlobalSection(ProjectConfigurationPlatforms) = postSolution
		{0E67896B-9152-4860-B8A8-29D2F5988764}.Debug|x64.ActiveCfg = Debug|x64
		{0E67896B-9152-4860-B8A8-29D2F5988764}.Debug|x64.Build.0 = Debug|x64
		{0E67896B-9152-4860-B8A8-29D2F5988764}.Debug|x86.ActiveCfg = Debug|Win32
		{0E67896B-9152-4860-B8A8-29D2F5988764}.Debug|x86.Build.0 = Debug|Win32
		{0E67896B-9152-4860-B8A8-29D2F5988764}.Release|x64.ActiveCfg = Release|x64
		{0E67896B-9152-4860-B8A8-29D2F5988764}.Release|x64.Build.0 = Release|x64
		{0E67896B-9152-4860-B8A8-29D2F5988764}.Release|x86.ActiveCfg = Release|Win32
		{0E67896B-9152-4860-B8A8-29D2F5988764}.Release|x86.Build.0 = Release|Win32
		{99B26E5B-6D82-46AA-BE70-A0DBCA6663D1}.Debug|x64.ActiveCfg = Debug|x64
		{99B26E5B-6D82-46AA-BE70-A0DBCA6663D1}.Debug|x64.Build.0 = Debug|x64
		{99B26E5B-6D82-46AA-BE70-A0DBCA6663D1}.Debug|x86.ActiveCfg = Debug|Win32
		{99B26E5B-6D82-46AA-BE70-A0DBCA6663D1}.Debug|x86.Build.0 = Debug|Win32
		{99B26E5B-6D82-46AA-BE70-A0DBCA6663D1}.Release|x64.ActiveCfg = Release|x64
		{99B26E5B-6D82-46AA-BE70-A0DBCA6663D1}.Release|x64.Build.0 = Release|x64
		{99B26E5B-6D82-46AA-BE70-A0DBCA6663D1}.Release|x86.ActiveCfg = Release|Win32
		{99B26E5B-6D82-46AA-BE70-A0DBCA6663D1}.Release|x86.Build.0 = Release|Win32
		{C50EDE2C-CAA8-4E98-ADCA-1840F8C9A8F0}.Debug|x64.ActiveCfg = Debug|x64
		{C50EDE2C-CAA8-4E98-ADCA-1840F8C9A8F0}.Debug|x64.Build.0 = Debug|x64
		{C50EDE2C-CAA8-4E98-ADCA-1840F8C9A8F0}.Debug|x86.ActiveCfg = Debug|Win32
		{C50EDE2C-CAA8-4E98-ADCA-1840F8C9A8F0}.Debug|x86.Build.0 = Debug|Win32
		{C50EDE2C-CAA8-4E98-ADCA-1840F8C9A8F0}.Release|x64.ActiveCfg = Release|x64
		{C50EDE2C-CAA8-4E98-ADCA-1840F8C9A8F0}.Release|x64.Build.0 = Release|x64
		{C50EDE2C-CAA8-4E98-ADCA-1840F8C9A8F0}.Release|x86.ActiveCfg = Release|Win32
		{C50EDE2C-CAA8-4E98-ADCA-1840F8C9A8F0}.Release|x86.Build.0 = Release|Win32
	EndGlobalSection
	GlobalSection(SolutionProperties) = preSolution
		HideSolutionNode = FALSE
	EndGlobalSection
	GlobalSection(ExtensibilityGlobals) = postSolution
		SolutionGuid = {EDF68E94-4B38-422C-AF6E-B3634DA5235C}
	EndGlobalSection
EndGlobal
